// !$*UTF8*$!
{
	archiveVersion = 1;
	classes = {
	};
	objectVersion = 46;
	objects = {

/* Begin PBXBuildFile section */
		920EFB621A800C3300B2B10C /* SettingsViewController.swift in Sources */ = {isa = PBXBuildFile; fileRef = 920EFB611A800C3300B2B10C /* SettingsViewController.swift */; };
		920EFB651A80346200B2B10C /* Main.storyboard in Resources */ = {isa = PBXBuildFile; fileRef = 920EFB641A80346200B2B10C /* Main.storyboard */; };
		929D3EEC1A7FF5530052EEAA /* AppDelegate.swift in Sources */ = {isa = PBXBuildFile; fileRef = 929D3EEB1A7FF5530052EEAA /* AppDelegate.swift */; };
		929D3EEE1A7FF5530052EEAA /* ViewController.swift in Sources */ = {isa = PBXBuildFile; fileRef = 929D3EED1A7FF5530052EEAA /* ViewController.swift */; };
		929D3EF11A7FF5530052EEAA /* Main.storyboard in Resources */ = {isa = PBXBuildFile; fileRef = 929D3EEF1A7FF5530052EEAA /* Main.storyboard */; };
		929D3EF31A7FF5530052EEAA /* Images.xcassets in Resources */ = {isa = PBXBuildFile; fileRef = 929D3EF21A7FF5530052EEAA /* Images.xcassets */; };
		929D3EF61A7FF5530052EEAA /* LaunchScreen.xib in Resources */ = {isa = PBXBuildFile; fileRef = 929D3EF41A7FF5530052EEAA /* LaunchScreen.xib */; };
		929D3F021A7FF5540052EEAA /* tipsTests.swift in Sources */ = {isa = PBXBuildFile; fileRef = 929D3F011A7FF5540052EEAA /* tipsTests.swift */; };
/* End PBXBuildFile section */

/* Begin PBXContainerItemProxy section */
		929D3EFC1A7FF5540052EEAA /* PBXContainerItemProxy */ = {
			isa = PBXContainerItemProxy;
			containerPortal = 929D3EDE1A7FF5530052EEAA /* Project object */;
			proxyType = 1;
			remoteGlobalIDString = 929D3EE51A7FF5530052EEAA;
			remoteInfo = tips;
		};
/* End PBXContainerItemProxy section */

/* Begin PBXFileReference section */
		920EFB611A800C3300B2B10C /* SettingsViewController.swift */ = {isa = PBXFileReference; fileEncoding = 4; lastKnownFileType = sourcecode.swift; path = SettingsViewController.swift; sourceTree = "<group>"; };
		920EFB641A80346200B2B10C /* Main.storyboard */ = {isa = PBXFileReference; fileEncoding = 4; lastKnownFileType = file.storyboard; name = Main.storyboard; path = ../../swift_hw/tips_hw/Main.storyboard; sourceTree = "<group>"; };
		929D3EE61A7FF5530052EEAA /* tips.app */ = {isa = PBXFileReference; explicitFileType = wrapper.application; includeInIndex = 0; path = tips.app; sourceTree = BUILT_PRODUCTS_DIR; };
		929D3EEA1A7FF5530052EEAA /* Info.plist */ = {isa = PBXFileReference; lastKnownFileType = text.plist.xml; path = Info.plist; sourceTree = "<group>"; };
		929D3EEB1A7FF5530052EEAA /* AppDelegate.swift */ = {isa = PBXFileReference; lastKnownFileType = sourcecode.swift; path = AppDelegate.swift; sourceTree = "<group>"; };
		929D3EED1A7FF5530052EEAA /* ViewController.swift */ = {isa = PBXFileReference; lastKnownFileType = sourcecode.swift; path = ViewController.swift; sourceTree = "<group>"; };
		929D3EF01A7FF5530052EEAA /* Base */ = {isa = PBXFileReference; lastKnownFileType = file.storyboard; name = Base; path = Base.lproj/Main.storyboard; sourceTree = "<group>"; };
		929D3EF21A7FF5530052EEAA /* Images.xcassets */ = {isa = PBXFileReference; lastKnownFileType = folder.assetcatalog; path = Images.xcassets; sourceTree = "<group>"; };
		929D3EF51A7FF5530052EEAA /* Base */ = {isa = PBXFileReference; lastKnownFileType = file.xib; name = Base; path = Base.lproj/LaunchScreen.xib; sourceTree = "<group>"; };
		929D3EFB1A7FF5540052EEAA /* tipsTests.xctest */ = {isa = PBXFileReference; explicitFileType = wrapper.cfbundle; includeInIndex = 0; path = tipsTests.xctest; sourceTree = BUILT_PRODUCTS_DIR; };
		929D3F001A7FF5540052EEAA /* Info.plist */ = {isa = PBXFileReference; lastKnownFileType = text.plist.xml; path = Info.plist; sourceTree = "<group>"; };
		929D3F011A7FF5540052EEAA /* tipsTests.swift */ = {isa = PBXFileReference; lastKnownFileType = sourcecode.swift; path = tipsTests.swift; sourceTree = "<group>"; };
/* End PBXFileReference section */

/* Begin PBXFrameworksBuildPhase section */
		929D3EE31A7FF5530052EEAA /* Frameworks */ = {
			isa = PBXFrameworksBuildPhase;
			buildActionMask = 2147483647;
			files = (
			);
			runOnlyForDeploymentPostprocessing = 0;
		};
		929D3EF81A7FF5540052EEAA /* Frameworks */ = {
			isa = PBXFrameworksBuildPhase;
			buildActionMask = 2147483647;
			files = (
			);
			runOnlyForDeploymentPostprocessing = 0;
		};
/* End PBXFrameworksBuildPhase section */

/* Begin PBXGroup section */
		920EFB631A800C3800B2B10C /* ViewControllers */ = {
			isa = PBXGroup;
			children = (
				920EFB611A800C3300B2B10C /* SettingsViewController.swift */,
			);
			name = ViewControllers;
			sourceTree = "<group>";
		};
		929D3EDD1A7FF5530052EEAA = {
			isa = PBXGroup;
			children = (
				929D3EE81A7FF5530052EEAA /* tips */,
				929D3EFE1A7FF5540052EEAA /* tipsTests */,
				929D3EE71A7FF5530052EEAA /* Products */,
			);
			sourceTree = "<group>";
		};
		929D3EE71A7FF5530052EEAA /* Products */ = {
			isa = PBXGroup;
			children = (
				929D3EE61A7FF5530052EEAA /* tips.app */,
				929D3EFB1A7FF5540052EEAA /* tipsTests.xctest */,
			);
			name = Products;
			sourceTree = "<group>";
		};
		929D3EE81A7FF5530052EEAA /* tips */ = {
			isa = PBXGroup;
			children = (
				920EFB631A800C3800B2B10C /* ViewControllers */,
				929D3EEB1A7FF5530052EEAA /* AppDelegate.swift */,
				929D3EED1A7FF5530052EEAA /* ViewController.swift */,
				929D3EEF1A7FF5530052EEAA /* Main.storyboard */,
				920EFB641A80346200B2B10C /* Main.storyboard */,
				929D3EF21A7FF5530052EEAA /* Images.xcassets */,
				929D3EF41A7FF5530052EEAA /* LaunchScreen.xib */,
				929D3EE91A7FF5530052EEAA /* Supporting Files */,
			);
			path = tips;
			sourceTree = "<group>";
		};
		929D3EE91A7FF5530052EEAA /* Supporting Files */ = {
			isa = PBXGroup;
			children = (
				929D3EEA1A7FF5530052EEAA /* Info.plist */,
			);
			name = "Supporting Files";
			sourceTree = "<group>";
		};
		929D3EFE1A7FF5540052EEAA /* tipsTests */ = {
			isa = PBXGroup;
			children = (
				929D3F011A7FF5540052EEAA /* tipsTests.swift */,
				929D3EFF1A7FF5540052EEAA /* Supporting Files */,
			);
			path = tipsTests;
			sourceTree = "<group>";
		};
		929D3EFF1A7FF5540052EEAA /* Supporting Files */ = {
			isa = PBXGroup;
			children = (
				929D3F001A7FF5540052EEAA /* Info.plist */,
			);
			name = "Supporting Files";
			sourceTree = "<group>";
		};
/* End PBXGroup section */

/* Begin PBXNativeTarget section */
		929D3EE51A7FF5530052EEAA /* tips */ = {
			isa = PBXNativeTarget;
			buildConfigurationList = 929D3F051A7FF5540052EEAA /* Build configuration list for PBXNativeTarget "tips" */;
			buildPhases = (
				929D3EE21A7FF5530052EEAA /* Sources */,
				929D3EE31A7FF5530052EEAA /* Frameworks */,
				929D3EE41A7FF5530052EEAA /* Resources */,
			);
			buildRules = (
			);
			dependencies = (
			);
			name = tips;
			productName = tips;
			productReference = 929D3EE61A7FF5530052EEAA /* tips.app */;
			productType = "com.apple.product-type.application";
		};
		929D3EFA1A7FF5540052EEAA /* tipsTests */ = {
			isa = PBXNativeTarget;
			buildConfigurationList = 929D3F081A7FF5540052EEAA /* Build configuration list for PBXNativeTarget "tipsTests" */;
			buildPhases = (
				929D3EF71A7FF5540052EEAA /* Sources */,
				929D3EF81A7FF5540052EEAA /* Frameworks */,
				929D3EF91A7FF5540052EEAA /* Resources */,
			);
			buildRules = (
			);
			dependencies = (
				929D3EFD1A7FF5540052EEAA /* PBXTargetDependency */,
			);
			name = tipsTests;
			productName = tipsTests;
			productReference = 929D3EFB1A7FF5540052EEAA /* tipsTests.xctest */;
			productType = "com.apple.product-type.bundle.unit-test";
		};
/* End PBXNativeTarget section */

/* Begin PBXProject section */
		929D3EDE1A7FF5530052EEAA /* Project object */ = {
			isa = PBXProject;
			attributes = {
				LastUpgradeCheck = 0610;
				ORGANIZATIONNAME = VM;
				TargetAttributes = {
					929D3EE51A7FF5530052EEAA = {
						CreatedOnToolsVersion = 6.1.1;
					};
					929D3EFA1A7FF5540052EEAA = {
						CreatedOnToolsVersion = 6.1.1;
						TestTargetID = 929D3EE51A7FF5530052EEAA;
					};
				};
			};
			buildConfigurationList = 929D3EE11A7FF5530052EEAA /* Build configuration list for PBXProject "tips" */;
			compatibilityVersion = "Xcode 3.2";
			developmentRegion = English;
			hasScannedForEncodings = 0;
			knownRegions = (
				en,
				Base,
			);
			mainGroup = 929D3EDD1A7FF5530052EEAA;
			productRefGroup = 929D3EE71A7FF5530052EEAA /* Products */;
			projectDirPath = "";
			projectRoot = "";
			targets = (
				929D3EE51A7FF5530052EEAA /* tips */,
				929D3EFA1A7FF5540052EEAA /* tipsTests */,
			);
		};
/* End PBXProject section */

/* Begin PBXResourcesBuildPhase section */
		929D3EE41A7FF5530052EEAA /* Resources */ = {
			isa = PBXResourcesBuildPhase;
			buildActionMask = 2147483647;
			files = (
				929D3EF11A7FF5530052EEAA /* Main.storyboard in Resources */,
				929D3EF61A7FF5530052EEAA /* LaunchScreen.xib in Resources */,
				929D3EF31A7FF5530052EEAA /* Images.xcassets in Resources */,
				920EFB651A80346200B2B10C /* Main.storyboard in Resources */,
			);
			runOnlyForDeploymentPostprocessing = 0;
		};
		929D3EF91A7FF5540052EEAA /* Resources */ = {
			isa = PBXResourcesBuildPhase;
			buildActionMask = 2147483647;
			files = (
			);
			runOnlyForDeploymentPostprocessing = 0;
		};
/* End PBXResourcesBuildPhase section */

/* Begin PBXSourcesBuildPhase section */
		929D3EE21A7FF5530052EEAA /* Sources */ = {
			isa = PBXSourcesBuildPhase;
			buildActionMask = 2147483647;
			files = (
				929D3EEE1A7FF5530052EEAA /* ViewController.swift in Sources */,
				929D3EEC1A7FF5530052EEAA /* AppDelegate.swift in Sources */,
				920EFB621A800C3300B2B10C /* SettingsViewController.swift in Sources */,
			);
			runOnlyForDeploymentPostprocessing = 0;
		};
		929D3EF71A7FF5540052EEAA /* Sources */ = {
			isa = PBXSourcesBuildPhase;
			buildActionMask = 2147483647;
			files = (
				929D3F021A7FF5540052EEAA /* tipsTests.swift in Sources */,
			);
			runOnlyForDeploymentPostprocessing = 0;
		};
/* End PBXSourcesBuildPhase section */

/* Begin PBXTargetDependency section */
		929D3EFD1A7FF5540052EEAA /* PBXTargetDependency */ = {
			isa = PBXTargetDependency;
			target = 929D3EE51A7FF5530052EEAA /* tips */;
			targetProxy = 929D3EFC1A7FF5540052EEAA /* PBXContainerItemProxy */;
		};
/* End PBXTargetDependency section */

/* Begin PBXVariantGroup section */
		929D3EEF1A7FF5530052EEAA /* Main.storyboard */ = {
			isa = PBXVariantGroup;
			children = (
				929D3EF01A7FF5530052EEAA /* Base */,
			);
			name = Main.storyboard;
			sourceTree = "<group>";
		};
		929D3EF41A7FF5530052EEAA /* LaunchScreen.xib */ = {
			isa = PBXVariantGroup;
			children = (
				929D3EF51A7FF5530052EEAA /* Base */,
			);
			name = LaunchScreen.xib;
			sourceTree = "<group>";
		};
/* End PBXVariantGroup section */

/* Begin XCBuildConfiguration section */
		929D3F031A7FF5540052EEAA /* Debug */ = {
			isa = XCBuildConfiguration;
			buildSettings = {
				ALWAYS_SEARCH_USER_PATHS = NO;
				CLANG_CXX_LANGUAGE_STANDARD = "gnu++0x";
				CLANG_CXX_LIBRARY = "libc++";
				CLANG_ENABLE_MODULES = YES;
				CLANG_ENABLE_OBJC_ARC = YES;
				CLANG_WARN_BOOL_CONVERSION = YES;
				CLANG_WARN_CONSTANT_CONVERSION = YES;
				CLANG_WARN_DIRECT_OBJC_ISA_USAGE = YES_ERROR;
				CLANG_WARN_EMPTY_BODY = YES;
				CLANG_WARN_ENUM_CONVERSION = YES;
				CLANG_WARN_INT_CONVERSION = YES;
				CLANG_WARN_OBJC_ROOT_CLASS = YES_ERROR;
				CLANG_WARN_UNREACHABLE_CODE = YES;
				CLANG_WARN__DUPLICATE_METHOD_MATCH = YES;
				"CODE_SIGN_IDENTITY[sdk=iphoneos*]" = "iPhone Developer";
				COPY_PHASE_STRIP = NO;
				ENABLE_STRICT_OBJC_MSGSEND = YES;
				GCC_C_LANGUAGE_STANDARD = gnu99;
				GCC_DYNAMIC_NO_PIC = NO;
				GCC_OPTIMIZATION_LEVEL = 0;
				GCC_PREPROCESSOR_DEFINITIONS = (
					"DEBUG=1",
					"$(inherited)",
				);
				GCC_SYMBOLS_PRIVATE_EXTERN = NO;
				GCC_WARN_64_TO_32_BIT_CONVERSION = YES;
				GCC_WARN_ABOUT_RETURN_TYPE = YES_ERROR;
				GCC_WARN_UNDECLARED_SELECTOR = YES;
				GCC_WARN_UNINITIALIZED_AUTOS = YES_AGGRESSIVE;
				GCC_WARN_UNUSED_FUNCTION = YES;
				GCC_WARN_UNUSED_VARIABLE = YES;
				IPHONEOS_DEPLOYMENT_TARGET = 8.1;
				MTL_ENABLE_DEBUG_INFO = YES;
				ONLY_ACTIVE_ARCH = YES;
				SDKROOT = iphoneos;
				SWIFT_OPTIMIZATION_LEVEL = "-Onone";
				TARGETED_DEVICE_FAMILY = "1,2";
			};
			name = Debug;
		};
		929D3F041A7FF5540052EEAA /* Release */ = {
			isa = XCBuildConfiguration;
			buildSettings = {
				ALWAYS_SEARCH_USER_PATHS = NO;
				CLANG_CXX_LANGUAGE_STANDARD = "gnu++0x";
				CLANG_CXX_LIBRARY = "libc++";
				CLANG_ENABLE_MODULES = YES;
				CLANG_ENABLE_OBJC_ARC = YES;
				CLANG_WARN_BOOL_CONVERSION = YES;
				CLANG_WARN_CONSTANT_CONVERSION = YES;
				CLANG_WARN_DIRECT_OBJC_ISA_USAGE = YES_ERROR;
				CLANG_WARN_EMPTY_BODY = YES;
				CLANG_WARN_ENUM_CONVERSION = YES;
				CLANG_WARN_INT_CONVERSION = YES;
				CLANG_WARN_OBJC_ROOT_CLASS = YES_ERROR;
				CLANG_WARN_UNREACHABLE_CODE = YES;
				CLANG_WARN__DUPLICATE_METHOD_MATCH = YES;
				"CODE_SIGN_IDENTITY[sdk=iphoneos*]" = "iPhone Developer";
				COPY_PHASE_STRIP = YES;
				ENABLE_NS_ASSERTIONS = NO;
				ENABLE_STRICT_OBJC_MSGSEND = YES;
				GCC_C_LANGUAGE_STANDARD = gnu99;
				GCC_WARN_64_TO_32_BIT_CONVERSION = YES;
				GCC_WARN_ABOUT_RETURN_TYPE = YES_ERROR;
				GCC_WARN_UNDECLARED_SELECTOR = YES;
				GCC_WARN_UNINITIALIZED_AUTOS = YES_AGGRESSIVE;
				GCC_WARN_UNUSED_FUNCTION = YES;
				GCC_WARN_UNUSED_VARIABLE = YES;
				IPHONEOS_DEPLOYMENT_TARGET = 8.1;
				MTL_ENABLE_DEBUG_INFO = NO;
				SDKROOT = iphoneos;
				TARGETED_DEVICE_FAMILY = "1,2";
				VALIDATE_PRODUCT = YES;
			};
			name = Release;
		};
		929D3F061A7FF5540052EEAA /* Debug */ = {
			isa = XCBuildConfiguration;
			buildSettings = {
				ASSETCATALOG_COMPILER_APPICON_NAME = AppIcon;
				INFOPLIST_FILE = tips/Info.plist;
				LD_RUNPATH_SEARCH_PATHS = "$(inherited) @executable_path/Frameworks";
				PRODUCT_NAME = "$(TARGET_NAME)";
				TARGETED_DEVICE_FAMILY = 1;
			};
			name = Debug;
		};
		929D3F071A7FF5540052EEAA /* Release */ = {
			isa = XCBuildConfiguration;
			buildSettings = {
				ASSETCATALOG_COMPILER_APPICON_NAME = AppIcon;
				INFOPLIST_FILE = tips/Info.plist;
				LD_RUNPATH_SEARCH_PATHS = "$(inherited) @executable_path/Frameworks";
				PRODUCT_NAME = "$(TARGET_NAME)";
				TARGETED_DEVICE_FAMILY = 1;
			};
			name = Release;
		};
		929D3F091A7FF5540052EEAA /* Debug */ = {
			isa = XCBuildConfiguration;
			buildSettings = {
				BUNDLE_LOADER = "$(TEST_HOST)";
				FRAMEWORK_SEARCH_PATHS = (
					"$(SDKROOT)/Developer/Library/Frameworks",
					"$(inherited)",
				);
				GCC_PREPROCESSOR_DEFINITIONS = (
					"DEBUG=1",
					"$(inherited)",
				);
				INFOPLIST_FILE = tipsTests/Info.plist;
				LD_RUNPATH_SEARCH_PATHS = "$(inherited) @executable_path/Frameworks @loader_path/Frameworks";
				PRODUCT_NAME = "$(TARGET_NAME)";
				TEST_HOST = "$(BUILT_PRODUCTS_DIR)/tips.app/tips";
			};
			name = Debug;
		};
		929D3F0A1A7FF5540052EEAA /* Release */ = {
			isa = XCBuildConfiguration;
			buildSettings = {
				BUNDLE_LOADER = "$(TEST_HOST)";
				FRAMEWORK_SEARCH_PATHS = (
					"$(SDKROOT)/Developer/Library/Frameworks",
					"$(inherited)",
				);
				INFOPLIST_FILE = tipsTests/Info.plist;
				LD_RUNPATH_SEARCH_PATHS = "$(inherited) @executable_path/Frameworks @loader_path/Frameworks";
				PRODUCT_NAME = "$(TARGET_NAME)";
				TEST_HOST = "$(BUILT_PRODUCTS_DIR)/tips.app/tips";
			};
			name = Release;
		};
/* End XCBuildConfiguration section */

/* Begin XCConfigurationList section */
		929D3EE11A7FF5530052EEAA /* Build configuration list for PBXProject "tips" */ = {
			isa = XCConfigurationList;
			buildConfigurations = (
				929D3F031A7FF5540052EEAA /* Debug */,
				929D3F041A7FF5540052EEAA /* Release */,
			);
			defaultConfigurationIsVisible = 0;
			defaultConfigurationName = Release;
		};
		929D3F051A7FF5540052EEAA /* Build configuration list for PBXNativeTarget "tips" */ = {
			isa = XCConfigurationList;
			buildConfigurations = (
				929D3F061A7FF5540052EEAA /* Debug */,
				929D3F071A7FF5540052EEAA /* Release */,
			);
			defaultConfigurationIsVisible = 0;
			defaultConfigurationName = Release;
		};
		929D3F081A7FF5540052EEAA /* Build configuration list for PBXNativeTarget "tipsTests" */ = {
			isa = XCConfigurationList;
			buildConfigurations = (
				929D3F091A7FF5540052EEAA /* Debug */,
				929D3F0A1A7FF5540052EEAA /* Release */,
			);
			defaultConfigurationIsVisible = 0;
			defaultConfigurationName = Release;
		};
/* End XCConfigurationList section */
	};
	rootObject = 929D3EDE1A7FF5530052EEAA /* Project object */;
}
